
Microsoft Visual Studio Solution File, Format Version 12.00
# Visual Studio Version 17
VisualStudioVersion = 17.11.35327.3
MinimumVisualStudioVersion = 10.0.40219.1
Project("{9A19103F-16F7-4668-BE54-9A1E7A4F7556}") = "Gerencia.Server", "Server\Gerencia.Server.csproj", "{1929AC51-BA0E-4C99-AC25-9630F60F5BCF}"
EndProject
Project("{9A19103F-16F7-4668-BE54-9A1E7A4F7556}") = "Gerencia.Client", "Client\Gerencia.Client.csproj", "{52989F1E-7250-4168-8033-74DAECA4E996}"
EndProject
Project("{9A19103F-16F7-4668-BE54-9A1E7A4F7556}") = "Gerencia.Shared", "Shared\Gerencia.Shared.csproj", "{6FDA418A-DB15-494F-B4AC-56C3C9828F74}"
EndProject
Global
	GlobalSection(SolutionConfigurationPlatforms) = preSolution
		Debug|Any CPU = Debug|Any CPU
		Release|Any CPU = Release|Any CPU
	EndGlobalSection
	GlobalSection(ProjectConfigurationPlatforms) = postSolution
		{1929AC51-BA0E-4C99-AC25-9630F60F5BCF}.Debug|Any CPU.ActiveCfg = Debug|Any CPU
		{1929AC51-BA0E-4C99-AC25-9630F60F5BCF}.Debug|Any CPU.Build.0 = Debug|Any CPU
		{1929AC51-BA0E-4C99-AC25-9630F60F5BCF}.Release|Any CPU.ActiveCfg = Release|Any CPU
		{1929AC51-BA0E-4C99-AC25-9630F60F5BCF}.Release|Any CPU.Build.0 = Release|Any CPU
		{52989F1E-7250-4168-8033-74DAECA4E996}.Debug|Any CPU.ActiveCfg = Debug|Any CPU
		{52989F1E-7250-4168-8033-74DAECA4E996}.Debug|Any CPU.Build.0 = Debug|Any CPU
		{52989F1E-7250-4168-8033-74DAECA4E996}.Release|Any CPU.ActiveCfg = Release|Any CPU
		{52989F1E-7250-4168-8033-74DAECA4E996}.Release|Any CPU.Build.0 = Release|Any CPU
		{6FDA418A-DB15-494F-B4AC-56C3C9828F74}.Debug|Any CPU.ActiveCfg = Debug|Any CPU
		{6FDA418A-DB15-494F-B4AC-56C3C9828F74}.Debug|Any CPU.Build.0 = Debug|Any CPU
		{6FDA418A-DB15-494F-B4AC-56C3C9828F74}.Release|Any CPU.ActiveCfg = Release|Any CPU
		{6FDA418A-DB15-494F-B4AC-56C3C9828F74}.Release|Any CPU.Build.0 = Release|Any CPU
	EndGlobalSection
	GlobalSection(SolutionProperties) = preSolution
		HideSolutionNode = FALSE
	EndGlobalSection
	GlobalSection(ExtensibilityGlobals) = postSolution
		SolutionGuid = {B52AB944-D112-48E7-9474-9D41CECD3FC4}
	EndGlobalSection
EndGlobal
